
Microsoft Visual Studio Solution File, Format Version 12.00
Project("{FAE04EC0-301F-11D3-BF4B-00C04F79EFBC}") = "AddTwoNumbers", "AddTwoNumbers\AddTwoNumbers.csproj", "{AB933D59-2B98-4883-8338-723A724FEEF9}"
EndProject
Global
	GlobalSection(SolutionConfigurationPlatforms) = preSolution
		Debug|Any CPU = Debug|Any CPU
		Release|Any CPU = Release|Any CPU
	EndGlobalSection
	GlobalSection(ProjectConfigurationPlatforms) = postSolution
		{AB933D59-2B98-4883-8338-723A724FEEF9}.Debug|Any CPU.ActiveCfg = Debug|Any CPU
		{AB933D59-2B98-4883-8338-723A724FEEF9}.Debug|Any CPU.Build.0 = Debug|Any CPU
		{AB933D59-2B98-4883-8338-723A724FEEF9}.Release|Any CPU.ActiveCfg = Release|Any CPU
		{AB933D59-2B98-4883-8338-723A724FEEF9}.Release|Any CPU.Build.0 = Release|Any CPU
	EndGlobalSection
EndGlobal
